
Microsoft Visual Studio Solution File, Format Version 12.00
# Visual Studio 14
VisualStudioVersion = 14.0.24720.0
MinimumVisualStudioVersion = 10.0.40219.1
Project("{FAE04EC0-301F-11D3-BF4B-00C04F79EFBC}") = "Atomix.ILCompiler", "Compiler\Atomix.ILCompiler.csproj", "{5F140860-2A9A-44DD-831E-61C0D052CC6B}"
	ProjectSection(ProjectDependencies) = postProject
		{D4F08E1C-074D-4BB8-8D3C-08A8797CACF3} = {D4F08E1C-074D-4BB8-8D3C-08A8797CACF3}
		{31896A26-F45D-46C2-AF40-D6D409DECBEA} = {31896A26-F45D-46C2-AF40-D6D409DECBEA}
		{2A356941-C071-4873-BCE2-12BB24E33B0D} = {2A356941-C071-4873-BCE2-12BB24E33B0D}
		{ECA9C753-5F48-427C-B432-E7D61324AB41} = {ECA9C753-5F48-427C-B432-E7D61324AB41}
	EndProjectSection
EndProject
Project("{2150E333-8FDC-42A3-9474-1A3956D46DE8}") = "Compiler", "Compiler", "{A5068223-D6F4-4C05-8F29-0FC5BDE75BE7}"
EndProject
Project("{2150E333-8FDC-42A3-9474-1A3956D46DE8}") = "Kernel", "Kernel", "{C53B4F01-2D9E-4AE6-A0FA-D849A9B61EF2}"
EndProject
Project("{FAE04EC0-301F-11D3-BF4B-00C04F79EFBC}") = "Kernel_alpha", "Kernel\Kernel_alpha\Kernel_alpha.csproj", "{AEA97938-D7F4-484F-8CF2-3F62BC2A11EC}"
EndProject
Project("{FAE04EC0-301F-11D3-BF4B-00C04F79EFBC}") = "Atomix.CompilerExt", "Compiler\CompilerExt\Atomix.CompilerExt.csproj", "{8974125B-52CA-48BD-92F5-C8B28F1C1DEE}"
EndProject
Project("{FAE04EC0-301F-11D3-BF4B-00C04F79EFBC}") = "Atomix.ILOptimizer", "Compiler\ILOptimizer\Atomix.ILOptimizer.csproj", "{ECA9C753-5F48-427C-B432-E7D61324AB41}"
EndProject
Project("{FAE04EC0-301F-11D3-BF4B-00C04F79EFBC}") = "Atomix.Assembler", "Compiler\Atomix.Assembler\Atomix.Assembler.csproj", "{C39C02EF-559E-47A6-98D9-E5B79D683948}"
EndProject
Project("{FAE04EC0-301F-11D3-BF4B-00C04F79EFBC}") = "Atomix.mscorlib", "Kernel\Atomix.mscorlib\Atomix.mscorlib.csproj", "{31896A26-F45D-46C2-AF40-D6D409DECBEA}"
EndProject
Project("{FAE04EC0-301F-11D3-BF4B-00C04F79EFBC}") = "Atomix.Kernel_H", "Kernel\Atomix.Kernel_H\Atomix.Kernel_H.csproj", "{58A7E7A9-1DAB-403B-A5FA-882987254EF0}"
EndProject
Project("{2150E333-8FDC-42A3-9474-1A3956D46DE8}") = "Tools", "Tools", "{F6278EAD-5D78-4224-9484-518D17CF826F}"
EndProject
Project("{FAE04EC0-301F-11D3-BF4B-00C04F79EFBC}") = "Atomix.Debugger", "Tools\Atomix.Debugger\Atomix.Debugger.csproj", "{D4F08E1C-074D-4BB8-8D3C-08A8797CACF3}"
EndProject
Project("{FAE04EC0-301F-11D3-BF4B-00C04F79EFBC}") = "Atomix.RamFS", "Tools\Atomix.RamFS\Atomix.RamFS.csproj", "{2A356941-C071-4873-BCE2-12BB24E33B0D}"
EndProject
Project("{2150E333-8FDC-42A3-9474-1A3956D46DE8}") = "Apps", "Apps", "{8815667D-CE68-4ADC-834B-9817807938E5}"
EndProject
Project("{FAE04EC0-301F-11D3-BF4B-00C04F79EFBC}") = "Atomix.Core", "Apps\Atomix.Core\Atomix.Core.csproj", "{A22414A7-E2BB-44F8-B04C-1BF0B7C12410}"
EndProject
Project("{FAE04EC0-301F-11D3-BF4B-00C04F79EFBC}") = "Atomix.Shell", "Apps\Atomix.Shell\Atomix.Shell.csproj", "{C2AE9D7B-9FB4-4D3B-911B-039C3EF5C7BF}"
EndProject
Global
	GlobalSection(SolutionConfigurationPlatforms) = preSolution
		Release|Any CPU = Release|Any CPU
		Release|x86 = Release|x86
	EndGlobalSection
	GlobalSection(ProjectConfigurationPlatforms) = postSolution
		{5F140860-2A9A-44DD-831E-61C0D052CC6B}.Release|Any CPU.ActiveCfg = Release|Any CPU
		{5F140860-2A9A-44DD-831E-61C0D052CC6B}.Release|Any CPU.Build.0 = Release|Any CPU
		{5F140860-2A9A-44DD-831E-61C0D052CC6B}.Release|x86.ActiveCfg = Release|Any CPU
		{5F140860-2A9A-44DD-831E-61C0D052CC6B}.Release|x86.Build.0 = Release|Any CPU
		{AEA97938-D7F4-484F-8CF2-3F62BC2A11EC}.Release|Any CPU.ActiveCfg = Release|x86
		{AEA97938-D7F4-484F-8CF2-3F62BC2A11EC}.Release|Any CPU.Build.0 = Release|x86
		{AEA97938-D7F4-484F-8CF2-3F62BC2A11EC}.Release|x86.ActiveCfg = Release|Any CPU
		{AEA97938-D7F4-484F-8CF2-3F62BC2A11EC}.Release|x86.Build.0 = Release|Any CPU
		{8974125B-52CA-48BD-92F5-C8B28F1C1DEE}.Release|Any CPU.ActiveCfg = Release|Any CPU
		{8974125B-52CA-48BD-92F5-C8B28F1C1DEE}.Release|Any CPU.Build.0 = Release|Any CPU
		{8974125B-52CA-48BD-92F5-C8B28F1C1DEE}.Release|x86.ActiveCfg = Release|Any CPU
		{8974125B-52CA-48BD-92F5-C8B28F1C1DEE}.Release|x86.Build.0 = Release|Any CPU
		{ECA9C753-5F48-427C-B432-E7D61324AB41}.Release|Any CPU.ActiveCfg = Release|Any CPU
		{ECA9C753-5F48-427C-B432-E7D61324AB41}.Release|Any CPU.Build.0 = Release|Any CPU
		{ECA9C753-5F48-427C-B432-E7D61324AB41}.Release|x86.ActiveCfg = Release|Any CPU
		{ECA9C753-5F48-427C-B432-E7D61324AB41}.Release|x86.Build.0 = Release|Any CPU
		{C39C02EF-559E-47A6-98D9-E5B79D683948}.Release|Any CPU.ActiveCfg = Release|Any CPU
		{C39C02EF-559E-47A6-98D9-E5B79D683948}.Release|Any CPU.Build.0 = Release|Any CPU
		{C39C02EF-559E-47A6-98D9-E5B79D683948}.Release|x86.ActiveCfg = Release|Any CPU
		{C39C02EF-559E-47A6-98D9-E5B79D683948}.Release|x86.Build.0 = Release|Any CPU
		{31896A26-F45D-46C2-AF40-D6D409DECBEA}.Release|Any CPU.ActiveCfg = Release|x86
		{31896A26-F45D-46C2-AF40-D6D409DECBEA}.Release|Any CPU.Build.0 = Release|x86
		{31896A26-F45D-46C2-AF40-D6D409DECBEA}.Release|x86.ActiveCfg = Release|Any CPU
		{31896A26-F45D-46C2-AF40-D6D409DECBEA}.Release|x86.Build.0 = Release|Any CPU
		{58A7E7A9-1DAB-403B-A5FA-882987254EF0}.Release|Any CPU.ActiveCfg = Release|x86
		{58A7E7A9-1DAB-403B-A5FA-882987254EF0}.Release|Any CPU.Build.0 = Release|x86
		{58A7E7A9-1DAB-403B-A5FA-882987254EF0}.Release|x86.ActiveCfg = Release|Any CPU
		{58A7E7A9-1DAB-403B-A5FA-882987254EF0}.Release|x86.Build.0 = Release|Any CPU
		{D4F08E1C-074D-4BB8-8D3C-08A8797CACF3}.Release|Any CPU.ActiveCfg = Release|Any CPU
		{D4F08E1C-074D-4BB8-8D3C-08A8797CACF3}.Release|Any CPU.Build.0 = Release|Any CPU
		{D4F08E1C-074D-4BB8-8D3C-08A8797CACF3}.Release|x86.ActiveCfg = Release|x86
		{D4F08E1C-074D-4BB8-8D3C-08A8797CACF3}.Release|x86.Build.0 = Release|x86
		{2A356941-C071-4873-BCE2-12BB24E33B0D}.Release|Any CPU.ActiveCfg = Release|Any CPU
		{2A356941-C071-4873-BCE2-12BB24E33B0D}.Release|Any CPU.Build.0 = Release|Any CPU
		{2A356941-C071-4873-BCE2-12BB24E33B0D}.Release|x86.ActiveCfg = Release|Any CPU
		{2A356941-C071-4873-BCE2-12BB24E33B0D}.Release|x86.Build.0 = Release|Any CPU
		{A22414A7-E2BB-44F8-B04C-1BF0B7C12410}.Release|Any CPU.ActiveCfg = Release|x86
		{A22414A7-E2BB-44F8-B04C-1BF0B7C12410}.Release|Any CPU.Build.0 = Release|x86
		{A22414A7-E2BB-44F8-B04C-1BF0B7C12410}.Release|x86.ActiveCfg = Release|Any CPU
		{A22414A7-E2BB-44F8-B04C-1BF0B7C12410}.Release|x86.Build.0 = Release|Any CPU
		{C2AE9D7B-9FB4-4D3B-911B-039C3EF5C7BF}.Release|Any CPU.ActiveCfg = Release|x86
		{C2AE9D7B-9FB4-4D3B-911B-039C3EF5C7BF}.Release|Any CPU.Build.0 = Release|x86
		{C2AE9D7B-9FB4-4D3B-911B-039C3EF5C7BF}.Release|x86.ActiveCfg = Release|Any CPU
		{C2AE9D7B-9FB4-4D3B-911B-039C3EF5C7BF}.Release|x86.Build.0 = Release|Any CPU
	EndGlobalSection
	GlobalSection(SolutionProperties) = preSolution
		HideSolutionNode = FALSE
	EndGlobalSection
	GlobalSection(NestedProjects) = preSolution
		{5F140860-2A9A-44DD-831E-61C0D052CC6B} = {A5068223-D6F4-4C05-8F29-0FC5BDE75BE7}
		{AEA97938-D7F4-484F-8CF2-3F62BC2A11EC} = {C53B4F01-2D9E-4AE6-A0FA-D849A9B61EF2}
		{8974125B-52CA-48BD-92F5-C8B28F1C1DEE} = {A5068223-D6F4-4C05-8F29-0FC5BDE75BE7}
		{ECA9C753-5F48-427C-B432-E7D61324AB41} = {A5068223-D6F4-4C05-8F29-0FC5BDE75BE7}
		{C39C02EF-559E-47A6-98D9-E5B79D683948} = {A5068223-D6F4-4C05-8F29-0FC5BDE75BE7}
		{31896A26-F45D-46C2-AF40-D6D409DECBEA} = {C53B4F01-2D9E-4AE6-A0FA-D849A9B61EF2}
		{58A7E7A9-1DAB-403B-A5FA-882987254EF0} = {C53B4F01-2D9E-4AE6-A0FA-D849A9B61EF2}
		{D4F08E1C-074D-4BB8-8D3C-08A8797CACF3} = {F6278EAD-5D78-4224-9484-518D17CF826F}
		{2A356941-C071-4873-BCE2-12BB24E33B0D} = {F6278EAD-5D78-4224-9484-518D17CF826F}
		{A22414A7-E2BB-44F8-B04C-1BF0B7C12410} = {8815667D-CE68-4ADC-834B-9817807938E5}
		{C2AE9D7B-9FB4-4D3B-911B-039C3EF5C7BF} = {8815667D-CE68-4ADC-834B-9817807938E5}
	EndGlobalSection
		GlobalSection(MonoDevelopProperties) = preSolution
		Policies = $0
		$0.TextStylePolicy = $1
		$1.EolMarker = Windows
		$1.inheritsSet = VisualStudio
		$1.inheritsScope = text/plain
		$1.scope = text/x-csharp
		$0.CSharpFormattingPolicy = $2
		$2.LabelPositioning = NoIndent
		$2.NewLinesForBracesInProperties = True
		$2.NewLinesForBracesInAccessors = True
		$2.NewLinesForBracesInAnonymousMethods = True
		$2.NewLinesForBracesInControlBlocks = True
		$2.NewLinesForBracesInAnonymousTypes = True
		$2.NewLinesForBracesInObjectCollectionArrayInitializers = True
		$2.NewLinesForBracesInLambdaExpressionBody = True
		$2.NewLineForElse = True
		$2.NewLineForCatch = True
		$2.NewLineForFinally = True
		$2.NewLineForMembersInObjectInit = True
		$2.NewLineForMembersInAnonymousTypes = True
		$2.SpacingAfterMethodDeclarationName = False
		$2.SpaceAfterMethodCallName = False
		$2.SpaceAfterControlFlowStatementKeyword = False
		$2.SpaceBeforeOpenSquareBracket = False
		$2.inheritsSet = Mono
		$2.inheritsScope = text/x-csharp
		$2.scope = text/x-csharp
		$0.NameConventionPolicy = $3
		$3.Rules = $4
		$4.NamingRule = $5
		$5.Name = Type Parameters
		$5.AffectedEntity = TypeParameter
		$5.VisibilityMask = VisibilityMask
		$5.NamingStyle = PascalCase
		$5.IncludeInstanceMembers = True
		$5.IncludeStaticEntities = True
		$5.RequiredPrefixes = $31
		$31.String = T
		$5.RequiredSuffixes = $32
		$32.String = Exception
		$5.AllowedPrefixes = $33
		$33.String = m_
		$33.String = m_
		$4.NamingRule = $6
		$6.Name = Types
		$6.AffectedEntity = Class, Struct, Enum, Delegate
		$6.VisibilityMask = VisibilityMask
		$6.NamingStyle = PascalCase
		$6.IncludeInstanceMembers = True
		$6.IncludeStaticEntities = True
		$4.NamingRule = $7
		$7.Name = Interfaces
		$7.RequiredPrefixes = $8
		$8.String = I
		$7.AffectedEntity = Interface
		$7.VisibilityMask = VisibilityMask
		$7.NamingStyle = PascalCase
		$7.IncludeInstanceMembers = True
		$7.IncludeStaticEntities = True
		$4.NamingRule = $9
		$9.Name = Attributes
		$9.RequiredSuffixes = $10
		$10.String = Attribute
		$9.AffectedEntity = CustomAttributes
		$9.VisibilityMask = VisibilityMask
		$9.NamingStyle = PascalCase
		$9.IncludeInstanceMembers = True
		$9.IncludeStaticEntities = True
		$4.NamingRule = $11
		$11.Name = Event Arguments
		$11.RequiredSuffixes = $12
		$12.String = EventArgs
		$11.AffectedEntity = CustomEventArgs
		$11.VisibilityMask = VisibilityMask
		$11.NamingStyle = PascalCase
		$11.IncludeInstanceMembers = True
		$11.IncludeStaticEntities = True
		$4.NamingRule = $13
		$13.Name = Exceptions
		$13.RequiredSuffixes = $14
		$14.String = Exception
		$13.AffectedEntity = CustomExceptions
		$13.VisibilityMask = VisibilityMask
		$13.NamingStyle = PascalCase
		$13.IncludeInstanceMembers = True
		$13.IncludeStaticEntities = True
		$4.NamingRule = $15
		$15.Name = Methods
		$15.AffectedEntity = Methods
		$15.VisibilityMask = VisibilityMask
		$15.NamingStyle = PascalCase
		$15.IncludeInstanceMembers = True
		$15.IncludeStaticEntities = True
		$4.NamingRule = $16
		$16.Name = Static Readonly Fields
		$16.AffectedEntity = ReadonlyField
		$16.VisibilityMask = Internal, Protected, Public
		$16.NamingStyle = PascalCase
		$16.IncludeInstanceMembers = False
		$16.IncludeStaticEntities = True
		$4.NamingRule = $17
		$17.Name = Fields (Non Private)
		$17.AffectedEntity = Field
		$17.VisibilityMask = Internal, Protected, Public
		$17.NamingStyle = PascalCase
		$17.IncludeInstanceMembers = True
		$17.IncludeStaticEntities = True
		$4.NamingRule = $18
		$18.Name = ReadOnly Fields (Non Private)
		$18.AffectedEntity = ReadonlyField
		$18.VisibilityMask = Internal, Protected, Public
		$18.NamingStyle = PascalCase
		$18.IncludeInstanceMembers = True
		$18.IncludeStaticEntities = False
		$4.NamingRule = $19
		$19.Name = Fields (Private)
		$19.AllowedPrefixes = $20
		$20.String = _
		$20.String = m_
		$19.AffectedEntity = Field, ReadonlyField
		$19.VisibilityMask = Private
		$19.NamingStyle = CamelCase
		$19.IncludeInstanceMembers = True
		$19.IncludeStaticEntities = False
		$4.NamingRule = $21
		$21.Name = Static Fields (Private)
		$21.AffectedEntity = Field
		$21.VisibilityMask = Private
		$21.NamingStyle = CamelCase
		$21.IncludeInstanceMembers = False
		$21.IncludeStaticEntities = True
		$4.NamingRule = $22
		$22.Name = ReadOnly Fields (Private)
		$22.AllowedPrefixes = $23
		$23.String = _
		$23.String = m_
		$22.AffectedEntity = ReadonlyField
		$22.VisibilityMask = Private
		$22.NamingStyle = CamelCase
		$22.IncludeInstanceMembers = True
		$22.IncludeStaticEntities = False
		$4.NamingRule = $24
		$24.Name = Constant Fields
		$24.AffectedEntity = ConstantField
		$24.VisibilityMask = VisibilityMask
		$24.NamingStyle = PascalCase
		$24.IncludeInstanceMembers = True
		$24.IncludeStaticEntities = True
		$4.NamingRule = $25
		$25.Name = Properties
		$25.AffectedEntity = Property
		$25.VisibilityMask = VisibilityMask
		$25.NamingStyle = PascalCase
		$25.IncludeInstanceMembers = True
		$25.IncludeStaticEntities = True
		$4.NamingRule = $26
		$26.Name = Events
		$26.AffectedEntity = Event
		$26.VisibilityMask = VisibilityMask
		$26.NamingStyle = PascalCase
		$26.IncludeInstanceMembers = True
		$26.IncludeStaticEntities = True
		$4.NamingRule = $27
		$27.Name = Enum Members
		$27.AffectedEntity = EnumMember
		$27.VisibilityMask = VisibilityMask
		$27.NamingStyle = PascalCase
		$27.IncludeInstanceMembers = True
		$27.IncludeStaticEntities = True
		$4.NamingRule = $28
		$28.Name = Parameters
		$28.AffectedEntity = Parameter
		$28.VisibilityMask = VisibilityMask
		$28.NamingStyle = CamelCase
		$28.IncludeInstanceMembers = True
		$28.IncludeStaticEntities = True
		$4.NamingRule = $29
		$29.Name = Type Parameters
		$29.RequiredPrefixes = $30
		$30.String = T
		$29.AffectedEntity = TypeParameter
		$29.VisibilityMask = VisibilityMask
		$29.NamingStyle = PascalCase
		$29.IncludeInstanceMembers = True
		$29.IncludeStaticEntities = True
	EndGlobalSection
EndGlobal
